// !$*UTF8*$!
{
	archiveVersion = 1;
	classes = {
	};
	objectVersion = 56;
	objects = {

/* Begin PBXBuildFile section */
		872AE13F291A16DA00B5ED92 /* RadiansCompass.swift in Sources */ = {isa = PBXBuildFile; fileRef = 872AE13E291A16DA00B5ED92 /* RadiansCompass.swift */; };
		872AE141291A16DA00B5ED92 /* ContentView.swift in Sources */ = {isa = PBXBuildFile; fileRef = 872AE140291A16DA00B5ED92 /* ContentView.swift */; };
		872AE143291A16DA00B5ED92 /* Assets.xcassets in Resources */ = {isa = PBXBuildFile; fileRef = 872AE142291A16DA00B5ED92 /* Assets.xcassets */; };
		872AE146291A16DA00B5ED92 /* Preview Assets.xcassets in Resources */ = {isa = PBXBuildFile; fileRef = 872AE145291A16DA00B5ED92 /* Preview Assets.xcassets */; };
		872AE150291A1A8800B5ED92 /* Marker.swift in Sources */ = {isa = PBXBuildFile; fileRef = 872AE14F291A1A8800B5ED92 /* Marker.swift */; };
		872AE153291A1BCA00B5ED92 /* CompassMarkerView.swift in Sources */ = {isa = PBXBuildFile; fileRef = 872AE152291A1BCA00B5ED92 /* CompassMarkerView.swift */; };
		872AE157291A252700B5ED92 /* CompassHeading.swift in Sources */ = {isa = PBXBuildFile; fileRef = 872AE156291A252700B5ED92 /* CompassHeading.swift */; };
/* End PBXBuildFile section */

/* Begin PBXFileReference section */
		872AE13B291A16DA00B5ED92 /* RadiansCompass.app */ = {isa = PBXFileReference; explicitFileType = wrapper.application; includeInIndex = 0; path = RadiansCompass.app; sourceTree = BUILT_PRODUCTS_DIR; };
		872AE13E291A16DA00B5ED92 /* RadiansCompass.swift */ = {isa = PBXFileReference; lastKnownFileType = sourcecode.swift; path = RadiansCompass.swift; sourceTree = "<group>"; };
		872AE140291A16DA00B5ED92 /* ContentView.swift */ = {isa = PBXFileReference; lastKnownFileType = sourcecode.swift; path = ContentView.swift; sourceTree = "<group>"; };
		872AE142291A16DA00B5ED92 /* Assets.xcassets */ = {isa = PBXFileReference; lastKnownFileType = folder.assetcatalog; path = Assets.xcassets; sourceTree = "<group>"; };
		872AE145291A16DA00B5ED92 /* Preview Assets.xcassets */ = {isa = PBXFileReference; lastKnownFileType = folder.assetcatalog; path = "Preview Assets.xcassets"; sourceTree = "<group>"; };
		872AE14F291A1A8800B5ED92 /* Marker.swift */ = {isa = PBXFileReference; lastKnownFileType = sourcecode.swift; path = Marker.swift; sourceTree = "<group>"; };
		872AE152291A1BCA00B5ED92 /* CompassMarkerView.swift */ = {isa = PBXFileReference; lastKnownFileType = sourcecode.swift; path = CompassMarkerView.swift; sourceTree = "<group>"; };
		872AE156291A252700B5ED92 /* CompassHeading.swift */ = {isa = PBXFileReference; lastKnownFileType = sourcecode.swift; path = CompassHeading.swift; sourceTree = "<group>"; };
/* End PBXFileReference section */

/* Begin PBXFrameworksBuildPhase section */
		872AE138291A16DA00B5ED92 /* Frameworks */ = {
			isa = PBXFrameworksBuildPhase;
			buildActionMask = 2147483647;
			files = (
			);
			runOnlyForDeploymentPostprocessing = 0;
		};
/* End PBXFrameworksBuildPhase section */

/* Begin PBXGroup section */
		872AE132291A16DA00B5ED92 = {
			isa = PBXGroup;
			children = (
				872AE13D291A16DA00B5ED92 /* RadiansCompass */,
				872AE13C291A16DA00B5ED92 /* Products */,
			);
			sourceTree = "<group>";
		};
		872AE13C291A16DA00B5ED92 /* Products */ = {
			isa = PBXGroup;
			children = (
				872AE13B291A16DA00B5ED92 /* RadiansCompass.app */,
			);
			name = Products;
			sourceTree = "<group>";
		};
		872AE13D291A16DA00B5ED92 /* RadiansCompass */ = {
			isa = PBXGroup;
			children = (
				872AE151291A1BB100B5ED92 /* App */,
				872AE14D291A1A6A00B5ED92 /* Model */,
				872AE14C291A1A6200B5ED92 /* View */,
				872AE14E291A1A7100B5ED92 /* ViewModel */,
				872AE142291A16DA00B5ED92 /* Assets.xcassets */,
				872AE144291A16DA00B5ED92 /* Preview Content */,
			);
			path = RadiansCompass;
			sourceTree = "<group>";
		};
		872AE144291A16DA00B5ED92 /* Preview Content */ = {
			isa = PBXGroup;
			children = (
				872AE145291A16DA00B5ED92 /* Preview Assets.xcassets */,
			);
			path = "Preview Content";
			sourceTree = "<group>";
		};
		872AE14C291A1A6200B5ED92 /* View */ = {
			isa = PBXGroup;
			children = (
				872AE140291A16DA00B5ED92 /* ContentView.swift */,
				872AE152291A1BCA00B5ED92 /* CompassMarkerView.swift */,
			);
			path = View;
			sourceTree = "<group>";
		};
		872AE14D291A1A6A00B5ED92 /* Model */ = {
			isa = PBXGroup;
			children = (
				872AE14F291A1A8800B5ED92 /* Marker.swift */,
			);
			path = Model;
			sourceTree = "<group>";
		};
		872AE14E291A1A7100B5ED92 /* ViewModel */ = {
			isa = PBXGroup;
			children = (
				872AE156291A252700B5ED92 /* CompassHeading.swift */,
			);
			path = ViewModel;
			sourceTree = "<group>";
		};
		872AE151291A1BB100B5ED92 /* App */ = {
			isa = PBXGroup;
			children = (
				872AE13E291A16DA00B5ED92 /* RadiansCompass.swift */,
			);
			path = App;
			sourceTree = "<group>";
		};
/* End PBXGroup section */

/* Begin PBXNativeTarget section */
		872AE13A291A16DA00B5ED92 /* RadiansCompass */ = {
			isa = PBXNativeTarget;
			buildConfigurationList = 872AE149291A16DA00B5ED92 /* Build configuration list for PBXNativeTarget "RadiansCompass" */;
			buildPhases = (
				872AE137291A16DA00B5ED92 /* Sources */,
				872AE138291A16DA00B5ED92 /* Frameworks */,
				872AE139291A16DA00B5ED92 /* Resources */,
			);
			buildRules = (
			);
			dependencies = (
			);
			name = RadiansCompass;
			productName = UsefulCompass;
			productReference = 872AE13B291A16DA00B5ED92 /* RadiansCompass.app */;
			productType = "com.apple.product-type.application";
		};
/* End PBXNativeTarget section */

/* Begin PBXProject section */
		872AE133291A16DA00B5ED92 /* Project object */ = {
			isa = PBXProject;
			attributes = {
				BuildIndependentTargetsInParallel = 1;
				LastSwiftUpdateCheck = 1410;
				LastUpgradeCheck = 1410;
				TargetAttributes = {
					872AE13A291A16DA00B5ED92 = {
						CreatedOnToolsVersion = 14.1;
					};
				};
			};
			buildConfigurationList = 872AE136291A16DA00B5ED92 /* Build configuration list for PBXProject "RadiansCompass" */;
			compatibilityVersion = "Xcode 14.0";
			developmentRegion = en;
			hasScannedForEncodings = 0;
			knownRegions = (
				en,
				Base,
			);
			mainGroup = 872AE132291A16DA00B5ED92;
			productRefGroup = 872AE13C291A16DA00B5ED92 /* Products */;
			projectDirPath = "";
			projectRoot = "";
			targets = (
				872AE13A291A16DA00B5ED92 /* RadiansCompass */,
			);
		};
/* End PBXProject section */

/* Begin PBXResourcesBuildPhase section */
		872AE139291A16DA00B5ED92 /* Resources */ = {
			isa = PBXResourcesBuildPhase;
			buildActionMask = 2147483647;
			files = (
				872AE146291A16DA00B5ED92 /* Preview Assets.xcassets in Resources */,
				872AE143291A16DA00B5ED92 /* Assets.xcassets in Resources */,
			);
			runOnlyForDeploymentPostprocessing = 0;
		};
/* End PBXResourcesBuildPhase section */

/* Begin PBXSourcesBuildPhase section */
		872AE137291A16DA00B5ED92 /* Sources */ = {
			isa = PBXSourcesBuildPhase;
			buildActionMask = 2147483647;
			files = (
				872AE157291A252700B5ED92 /* CompassHeading.swift in Sources */,
				872AE141291A16DA00B5ED92 /* ContentView.swift in Sources */,
				872AE153291A1BCA00B5ED92 /* CompassMarkerView.swift in Sources */,
				872AE13F291A16DA00B5ED92 /* RadiansCompass.swift in Sources */,
				872AE150291A1A8800B5ED92 /* Marker.swift in Sources */,
			);
			runOnlyForDeploymentPostprocessing = 0;
		};
/* End PBXSourcesBuildPhase section */

/* Begin XCBuildConfiguration section */
		872AE147291A16DA00B5ED92 /* Debug */ = {
			isa = XCBuildConfiguration;
			buildSettings = {
				ALWAYS_SEARCH_USER_PATHS = NO;
				CLANG_ANALYZER_NONNULL = YES;
				CLANG_ANALYZER_NUMBER_OBJECT_CONVERSION = YES_AGGRESSIVE;
				CLANG_CXX_LANGUAGE_STANDARD = "gnu++20";
				CLANG_ENABLE_MODULES = YES;
				CLANG_ENABLE_OBJC_ARC = YES;
				CLANG_ENABLE_OBJC_WEAK = YES;
				CLANG_WARN_BLOCK_CAPTURE_AUTORELEASING = YES;
				CLANG_WARN_BOOL_CONVERSION = YES;
				CLANG_WARN_COMMA = YES;
				CLANG_WARN_CONSTANT_CONVERSION = YES;
				CLANG_WARN_DEPRECATED_OBJC_IMPLEMENTATIONS = YES;
				CLANG_WARN_DIRECT_OBJC_ISA_USAGE = YES_ERROR;
				CLANG_WARN_DOCUMENTATION_COMMENTS = YES;
				CLANG_WARN_EMPTY_BODY = YES;
				CLANG_WARN_ENUM_CONVERSION = YES;
				CLANG_WARN_INFINITE_RECURSION = YES;
				CLANG_WARN_INT_CONVERSION = YES;
				CLANG_WARN_NON_LITERAL_NULL_CONVERSION = YES;
				CLANG_WARN_OBJC_IMPLICIT_RETAIN_SELF = YES;
				CLANG_WARN_OBJC_LITERAL_CONVERSION = YES;
				CLANG_WARN_OBJC_ROOT_CLASS = YES_ERROR;
				CLANG_WARN_QUOTED_INCLUDE_IN_FRAMEWORK_HEADER = YES;
				CLANG_WARN_RANGE_LOOP_ANALYSIS = YES;
				CLANG_WARN_STRICT_PROTOTYPES = YES;
				CLANG_WARN_SUSPICIOUS_MOVE = YES;
				CLANG_WARN_UNGUARDED_AVAILABILITY = YES_AGGRESSIVE;
				CLANG_WARN_UNREACHABLE_CODE = YES;
				CLANG_WARN__DUPLICATE_METHOD_MATCH = YES;
				COPY_PHASE_STRIP = NO;
				DEBUG_INFORMATION_FORMAT = dwarf;
				ENABLE_STRICT_OBJC_MSGSEND = YES;
				ENABLE_TESTABILITY = YES;
				GCC_C_LANGUAGE_STANDARD = gnu11;
				GCC_DYNAMIC_NO_PIC = NO;
				GCC_NO_COMMON_BLOCKS = YES;
				GCC_OPTIMIZATION_LEVEL = 0;
				GCC_PREPROCESSOR_DEFINITIONS = (
					"DEBUG=1",
					"$(inherited)",
				);
				GCC_WARN_64_TO_32_BIT_CONVERSION = YES;
				GCC_WARN_ABOUT_RETURN_TYPE = YES_ERROR;
				GCC_WARN_UNDECLARED_SELECTOR = YES;
				GCC_WARN_UNINITIALIZED_AUTOS = YES_AGGRESSIVE;
				GCC_WARN_UNUSED_FUNCTION = YES;
				GCC_WARN_UNUSED_VARIABLE = YES;
				IPHONEOS_DEPLOYMENT_TARGET = 16.1;
				MTL_ENABLE_DEBUG_INFO = INCLUDE_SOURCE;
				MTL_FAST_MATH = YES;
				ONLY_ACTIVE_ARCH = YES;
				SDKROOT = iphoneos;
				SWIFT_ACTIVE_COMPILATION_CONDITIONS = DEBUG;
				SWIFT_OPTIMIZATION_LEVEL = "-Onone";
			};
			name = Debug;
		};
		872AE148291A16DA00B5ED92 /* Release */ = {
			isa = XCBuildConfiguration;
			buildSettings = {
				ALWAYS_SEARCH_USER_PATHS = NO;
				CLANG_ANALYZER_NONNULL = YES;
				CLANG_ANALYZER_NUMBER_OBJECT_CONVERSION = YES_AGGRESSIVE;
				CLANG_CXX_LANGUAGE_STANDARD = "gnu++20";
				CLANG_ENABLE_MODULES = YES;
				CLANG_ENABLE_OBJC_ARC = YES;
				CLANG_ENABLE_OBJC_WEAK = YES;
				CLANG_WARN_BLOCK_CAPTURE_AUTORELEASING = YES;
				CLANG_WARN_BOOL_CONVERSION = YES;
				CLANG_WARN_COMMA = YES;
				CLANG_WARN_CONSTANT_CONVERSION = YES;
				CLANG_WARN_DEPRECATED_OBJC_IMPLEMENTATIONS = YES;
				CLANG_WARN_DIRECT_OBJC_ISA_USAGE = YES_ERROR;
				CLANG_WARN_DOCUMENTATION_COMMENTS = YES;
				CLANG_WARN_EMPTY_BODY = YES;
				CLANG_WARN_ENUM_CONVERSION = YES;
				CLANG_WARN_INFINITE_RECURSION = YES;
				CLANG_WARN_INT_CONVERSION = YES;
				CLANG_WARN_NON_LITERAL_NULL_CONVERSION = YES;
				CLANG_WARN_OBJC_IMPLICIT_RETAIN_SELF = YES;
				CLANG_WARN_OBJC_LITERAL_CONVERSION = YES;
				CLANG_WARN_OBJC_ROOT_CLASS = YES_ERROR;
				CLANG_WARN_QUOTED_INCLUDE_IN_FRAMEWORK_HEADER = YES;
				CLANG_WARN_RANGE_LOOP_ANALYSIS = YES;
				CLANG_WARN_STRICT_PROTOTYPES = YES;
				CLANG_WARN_SUSPICIOUS_MOVE = YES;
				CLANG_WARN_UNGUARDED_AVAILABILITY = YES_AGGRESSIVE;
				CLANG_WARN_UNREACHABLE_CODE = YES;
				CLANG_WARN__DUPLICATE_METHOD_MATCH = YES;
				COPY_PHASE_STRIP = NO;
				DEBUG_INFORMATION_FORMAT = "dwarf-with-dsym";
				ENABLE_NS_ASSERTIONS = NO;
				ENABLE_STRICT_OBJC_MSGSEND = YES;
				GCC_C_LANGUAGE_STANDARD = gnu11;
				GCC_NO_COMMON_BLOCKS = YES;
				GCC_WARN_64_TO_32_BIT_CONVERSION = YES;
				GCC_WARN_ABOUT_RETURN_TYPE = YES_ERROR;
				GCC_WARN_UNDECLARED_SELECTOR = YES;
				GCC_WARN_UNINITIALIZED_AUTOS = YES_AGGRESSIVE;
				GCC_WARN_UNUSED_FUNCTION = YES;
				GCC_WARN_UNUSED_VARIABLE = YES;
				IPHONEOS_DEPLOYMENT_TARGET = 16.1;
				MTL_ENABLE_DEBUG_INFO = NO;
				MTL_FAST_MATH = YES;
				SDKROOT = iphoneos;
				SWIFT_COMPILATION_MODE = wholemodule;
				SWIFT_OPTIMIZATION_LEVEL = "-O";
				VALIDATE_PRODUCT = YES;
			};
			name = Release;
		};
		872AE14A291A16DA00B5ED92 /* Debug */ = {
			isa = XCBuildConfiguration;
			buildSettings = {
				ASSETCATALOG_COMPILER_APPICON_NAME = AppIcon;
				ASSETCATALOG_COMPILER_GLOBAL_ACCENT_COLOR_NAME = AccentColor;
				CODE_SIGN_STYLE = Automatic;
				CURRENT_PROJECT_VERSION = 1;
				DEVELOPMENT_ASSET_PATHS = "\"RadiansCompass/Preview Content\"";
				DEVELOPMENT_TEAM = JC42738BAR;
				ENABLE_PREVIEWS = YES;
				GENERATE_INFOPLIST_FILE = YES;
				INFOPLIST_KEY_CFBundleDisplayName = "Radian Compass";
				INFOPLIST_KEY_NSLocationWhenInUseUsageDescription = "This app uses your location to determine your magnetic heading. You must allow location access for the most precise measurements.";
				INFOPLIST_KEY_UIApplicationSceneManifest_Generation = YES;
				INFOPLIST_KEY_UIApplicationSupportsIndirectInputEvents = YES;
				INFOPLIST_KEY_UILaunchScreen_Generation = YES;
				INFOPLIST_KEY_UISupportedInterfaceOrientations = UIInterfaceOrientationPortrait;
				LD_RUNPATH_SEARCH_PATHS = (
					"$(inherited)",
					"@executable_path/Frameworks",
				);
				MARKETING_VERSION = 1.0;
				PRODUCT_BUNDLE_IDENTIFIER = com.braedenkilburn.RadiansCompass;
				PRODUCT_NAME = "$(TARGET_NAME)";
				SWIFT_EMIT_LOC_STRINGS = YES;
				SWIFT_VERSION = 5.0;
				TARGETED_DEVICE_FAMILY = "1,2";
			};
			name = Debug;
		};
		872AE14B291A16DA00B5ED92 /* Release */ = {
			isa = XCBuildConfiguration;
			buildSettings = {
				ASSETCATALOG_COMPILER_APPICON_NAME = AppIcon;
				ASSETCATALOG_COMPILER_GLOBAL_ACCENT_COLOR_NAME = AccentColor;
				CODE_SIGN_STYLE = Automatic;
				CURRENT_PROJECT_VERSION = 1;
				DEVELOPMENT_ASSET_PATHS = "\"RadiansCompass/Preview Content\"";
				DEVELOPMENT_TEAM = JC42738BAR;
				ENABLE_PREVIEWS = YES;
				GENERATE_INFOPLIST_FILE = YES;
				INFOPLIST_KEY_CFBundleDisplayName = "Radian Compass";
				INFOPLIST_KEY_NSLocationWhenInUseUsageDescription = "This app uses your location to determine your magnetic heading. You must allow location access for the most precise measurements.";
				INFOPLIST_KEY_UIApplicationSceneManifest_Generation = YES;
				INFOPLIST_KEY_UIApplicationSupportsIndirectInputEvents = YES;
				INFOPLIST_KEY_UILaunchScreen_Generation = YES;
				INFOPLIST_KEY_UISupportedInterfaceOrientations = UIInterfaceOrientationPortrait;
				LD_RUNPATH_SEARCH_PATHS = (
					"$(inherited)",
					"@executable_path/Frameworks",
				);
				MARKETING_VERSION = 1.0;
				PRODUCT_BUNDLE_IDENTIFIER = com.braedenkilburn.RadiansCompass;
				PRODUCT_NAME = "$(TARGET_NAME)";
				SWIFT_EMIT_LOC_STRINGS = YES;
				SWIFT_VERSION = 5.0;
				TARGETED_DEVICE_FAMILY = "1,2";
			};
			name = Release;
		};
/* End XCBuildConfiguration section */

/* Begin XCConfigurationList section */
		872AE136291A16DA00B5ED92 /* Build configuration list for PBXProject "RadiansCompass" */ = {
			isa = XCConfigurationList;
			buildConfigurations = (
				872AE147291A16DA00B5ED92 /* Debug */,
				872AE148291A16DA00B5ED92 /* Release */,
			);
			defaultConfigurationIsVisible = 0;
			defaultConfigurationName = Release;
		};
		872AE149291A16DA00B5ED92 /* Build configuration list for PBXNativeTarget "RadiansCompass" */ = {
			isa = XCConfigurationList;
			buildConfigurations = (
				872AE14A291A16DA00B5ED92 /* Debug */,
				872AE14B291A16DA00B5ED92 /* Release */,
			);
			defaultConfigurationIsVisible = 0;
			defaultConfigurationName = Release;
		};
/* End XCConfigurationList section */
	};
	rootObject = 872AE133291A16DA00B5ED92 /* Project object */;
}
